lockfileVersion: '9.0'

settings:
  autoInstallPeers: true
  excludeLinksFromLockfile: false

importers:

  .:
    dependencies:
      dotenv:
        specifier: ^16.4.5
        version: 16.4.5
    devDependencies:
      '@types/dotenv':
        specifier: ^6.1.1
        version: 6.1.1
      '@types/node':
        specifier: ^22.7.7
        version: 22.7.7

packages:

  '@types/dotenv@6.1.1':
    resolution: {integrity: sha512-ftQl3DtBvqHl9L16tpqqzA4YzCSXZfi7g8cQceTz5rOlYtk/IZbFjAv3mLOQlNIgOaylCQWQoBdDQHPgEBJPHg==}

  '@types/node@22.7.7':
    resolution: {integrity: sha512-SRxCrrg9CL/y54aiMCG3edPKdprgMVGDXjA3gB8UmmBW5TcXzRUYAh8EWzTnSJFAd1rgImPELza+A3bJ+qxz8Q==}

  dotenv@16.4.5:
    resolution: {integrity: sha512-ZmdL2rui+eB2YwhsWzjInR8LldtZHGDoQ1ugH85ppHKwpUHL7j7rN0Ti9NCnGiQbhaZ11FpR+7ao1dNsmduNUg==}
    engines: {node: '>=12'}

  undici-types@6.19.8:
    resolution: {integrity: sha512-ve2KP6f/JnbPBFyobGHuerC9g1FYGn/F8n1LWTwNxCEzd6IfqTwUQcNXgEtmmQ6DlRrC1hrSrBnCZPokRrDHjw==}

snapshots:

  '@types/dotenv@6.1.1':
    dependencies:
      '@types/node': 22.7.7

  '@types/node@22.7.7':
    dependencies:
      undici-types: 6.19.8

  dotenv@16.4.5: {}

  undici-types@6.19.8: {}
